<?xml version="1.0" encoding="utf-8"?>
<Project ToolsVersion="4.0" xmlns="http://schemas.microsoft.com/developer/msbuild/2003">
  <ItemGroup>
    <Filter Include="Test">
      <UniqueIdentifier>{c394becf-d693-4369-adac-cfb2d793013c}</UniqueIdentifier>
    </Filter>
    <Filter Include="Software">
      <UniqueIdentifier>{41ca58cb-7177-4f41-8eab-77fae59230c5}</UniqueIdentifier>
    </Filter>
    <Filter Include="User">
      <UniqueIdentifier>{2fd69903-96c9-47b3-810d-ae94c065d1dc}</UniqueIdentifier>
    </Filter>
    <Filter Include="block">
      <UniqueIdentifier>{413a3147-b63e-4be7-a101-363715b27436}</UniqueIdentifier>
    </Filter>
  </ItemGroup>
  <ItemGroup>
    <ClCompile Include="src\Software.cpp">
      <Filter>Software</Filter>
    </ClCompile>
    <ClCompile Include="src\Test.cpp">
      <Filter>Test</Filter>
    </ClCompile>
    <ClCompile Include="src\User.cpp">
      <Filter>User</Filter>
    </ClCompile>
  </ItemGroup>
  <ItemGroup>
    <ClInclude Include="..\User.h">
      <Filter>User</Filter>
    </ClInclude>
    <ClInclude Include="..\Attacker.h">
      <Filter>User</Filter>
    </ClInclude>
    <ClInclude Include="src\Block.h">
      <Filter>Software</Filter>
    </ClInclude>
    <ClInclude Include="src\Block_GetHash.h">
      <Filter>Software</Filter>
    </ClInclude>
    <ClInclude Include="src\BlockChain.h">
      <Filter>Software</Filter>
    </ClInclude>
    <ClInclude Include="src\DealMaker.h">
      <Filter>Software</Filter>
    </ClInclude>
    <ClInclude Include="src\Software.h">
      <Filter>Software</Filter>
    </ClInclude>
    <ClInclude Include="src\Test.h">
      <Filter>Test</Filter>
    </ClInclude>
  </ItemGroup>
</Project>