<?xml version="1.0" encoding="utf-8"?>
<Project ToolsVersion="4.0" xmlns="http://schemas.microsoft.com/developer/msbuild/2003">
  <ItemGroup>
    <ClCompile Include="src\sha256_ckw\sha256.cc">
      <Filter>sha256_ckw</Filter>
    </ClCompile>
    <ClCompile Include="src\Test_mc\main.cpp">
      <Filter>Test_mc</Filter>
    </ClCompile>
    <ClCompile Include="src\Test_mc\sortition.cpp">
      <Filter>sortition_cjw</Filter>
    </ClCompile>
    <ClCompile Include="src\Test_mc\Block.cpp">
      <Filter>Test_mc\Software</Filter>
    </ClCompile>
    <ClCompile Include="src\Signiture_qdl\RSA.cpp">
      <Filter>Signiture_qdl</Filter>
    </ClCompile>
    <ClCompile Include="src\Signiture_qdl\BigInteger.cpp">
      <Filter>Signiture_qdl</Filter>
    </ClCompile>
    <ClCompile Include="src\Signiture_qdl\SignatureBasedOnRSA.cpp">
      <Filter>Signiture_qdl</Filter>
    </ClCompile>
    <ClCompile Include="src\Test_mc\MRandom.cpp">
      <Filter>Test_mc\BasicBasic</Filter>
    </ClCompile>
    <ClCompile Include="src\Test_mc\Cloud.cpp">
      <Filter>Test_mc\BasicBasic</Filter>
    </ClCompile>
    <ClCompile Include="src\selection_lyl\selection.cpp">
      <Filter>selection_lyl</Filter>
    </ClCompile>
  </ItemGroup>
  <ItemGroup>
    <Filter Include="Test_mc">
      <UniqueIdentifier>{5d399a20-389a-4fd3-a715-f6aeaf36ffae}</UniqueIdentifier>
    </Filter>
    <Filter Include="Test_mc\Software">
      <UniqueIdentifier>{004bf237-0c10-47f3-bb4b-33816f097ea8}</UniqueIdentifier>
    </Filter>
    <Filter Include="Test_mc\Test">
      <UniqueIdentifier>{74516798-5549-4978-b0ae-0bba2cd42ddd}</UniqueIdentifier>
    </Filter>
    <Filter Include="Test_mc\User">
      <UniqueIdentifier>{b86cf9ed-a618-427e-a772-a94f590af3cf}</UniqueIdentifier>
    </Filter>
    <Filter Include="sha256_ckw">
      <UniqueIdentifier>{c217e15e-5f72-4cc0-aa0a-1d0bbcf12057}</UniqueIdentifier>
    </Filter>
    <Filter Include="Signiture_qdl">
      <UniqueIdentifier>{75fa12df-10e6-4cd7-aab0-801518df0c0d}</UniqueIdentifier>
    </Filter>
    <Filter Include="sortition_cjw">
      <UniqueIdentifier>{af9db586-46f6-4aea-9fbd-f430d8016533}</UniqueIdentifier>
    </Filter>
    <Filter Include="BA_Protocol">
      <UniqueIdentifier>{c181640b-adc4-4a6d-adc9-48ced03ea607}</UniqueIdentifier>
    </Filter>
    <Filter Include="Test_mc\BasicBasic">
      <UniqueIdentifier>{7dde7a66-30e8-4b06-b425-80ecc1c69d50}</UniqueIdentifier>
    </Filter>
    <Filter Include="selection_lyl">
      <UniqueIdentifier>{54a44a5a-1306-4a71-86b2-0edfcbe9363b}</UniqueIdentifier>
    </Filter>
  </ItemGroup>
  <ItemGroup>
    <ClInclude Include="src\Test_mc\BlockChain.h">
      <Filter>Test_mc\Software</Filter>
    </ClInclude>
    <ClInclude Include="src\Test_mc\DealMaker.h">
      <Filter>Test_mc\Software</Filter>
    </ClInclude>
    <ClInclude Include="src\Test_mc\Software.h">
      <Filter>Test_mc\Software</Filter>
    </ClInclude>
    <ClInclude Include="src\Test_mc\UserKey.h">
      <Filter>Test_mc\Software</Filter>
    </ClInclude>
    <ClInclude Include="src\Test_mc\Test.h">
      <Filter>Test_mc\Test</Filter>
    </ClInclude>
    <ClInclude Include="src\Test_mc\User.h">
      <Filter>Test_mc\User</Filter>
    </ClInclude>
    <ClInclude Include="src\sha256_ckw\sha256.h">
      <Filter>sha256_ckw</Filter>
    </ClInclude>
    <ClInclude Include="src\Test_mc\Block.h">
      <Filter>Test_mc\Software</Filter>
    </ClInclude>
    <ClInclude Include="src\Test_mc\sortition.h">
      <Filter>sortition_cjw</Filter>
    </ClInclude>
    <ClInclude Include="src\Test_mc\Signiture.h">
      <Filter>Test_mc\Software</Filter>
    </ClInclude>
    <ClInclude Include="src\Signiture_qdl\BigInteger.h">
      <Filter>Signiture_qdl</Filter>
    </ClInclude>
    <ClInclude Include="src\Signiture_qdl\RSA.h">
      <Filter>Signiture_qdl</Filter>
    </ClInclude>
    <ClInclude Include="src\Signiture_qdl\SignatureBasedOnRSA.h">
      <Filter>Signiture_qdl</Filter>
    </ClInclude>
    <ClInclude Include="src\BA_Protocol\BBAProtocol.h">
      <Filter>BA_Protocol</Filter>
    </ClInclude>
    <ClInclude Include="src\BA_Protocol\GCProtocol.h">
      <Filter>BA_Protocol</Filter>
    </ClInclude>
    <ClInclude Include="src\BA_Protocol\Player.h">
      <Filter>BA_Protocol</Filter>
    </ClInclude>
    <ClInclude Include="src\Test_mc\UserData.h">
      <Filter>Test_mc\Software</Filter>
    </ClInclude>
    <ClInclude Include="src\Test_mc\MRandom.h">
      <Filter>Test_mc\BasicBasic</Filter>
    </ClInclude>
    <ClInclude Include="src\Test_mc\Cloud.h">
      <Filter>Test_mc\BasicBasic</Filter>
    </ClInclude>
    <ClInclude Include="src\selection_lyl\xalgorand.h">
      <Filter>selection_lyl</Filter>
    </ClInclude>
  </ItemGroup>
</Project>